// !$*UTF8*$!
{
	archiveVersion = 1;
	classes = {
	};
	objectVersion = 56;
	objects = {

/* Begin PBXBuildFile section */
		8A8AEBFF2A088552001FAAB6 /* HighRollerApp.swift in Sources */ = {isa = PBXBuildFile; fileRef = 8A8AEBFE2A088552001FAAB6 /* HighRollerApp.swift */; };
		8A8AEC012A088552001FAAB6 /* ContentView.swift in Sources */ = {isa = PBXBuildFile; fileRef = 8A8AEC002A088552001FAAB6 /* ContentView.swift */; };
		8A8AEC032A088553001FAAB6 /* Assets.xcassets in Resources */ = {isa = PBXBuildFile; fileRef = 8A8AEC022A088553001FAAB6 /* Assets.xcassets */; };
		8A8AEC062A088553001FAAB6 /* Preview Assets.xcassets in Resources */ = {isa = PBXBuildFile; fileRef = 8A8AEC052A088553001FAAB6 /* Preview Assets.xcassets */; };
		8A8AEC0D2A088985001FAAB6 /* ResultHistoryView.swift in Sources */ = {isa = PBXBuildFile; fileRef = 8A8AEC0C2A088985001FAAB6 /* ResultHistoryView.swift */; };
		8A8AEC0F2A088AF6001FAAB6 /* HighRollerResult.swift in Sources */ = {isa = PBXBuildFile; fileRef = 8A8AEC0E2A088AF6001FAAB6 /* HighRollerResult.swift */; };
		8A8AEC112A088D7C001FAAB6 /* DiceResult.swift in Sources */ = {isa = PBXBuildFile; fileRef = 8A8AEC102A088D7C001FAAB6 /* DiceResult.swift */; };
		8A8AEC132A08912A001FAAB6 /* FileManager+DocumentsDirectory.swift in Sources */ = {isa = PBXBuildFile; fileRef = 8A8AEC122A08912A001FAAB6 /* FileManager+DocumentsDirectory.swift */; };
		8A8AEC152A089194001FAAB6 /* ContentView+ViewModel.swift in Sources */ = {isa = PBXBuildFile; fileRef = 8A8AEC142A089194001FAAB6 /* ContentView+ViewModel.swift */; };
		8A8AEC172A08976B001FAAB6 /* HighRollerResultView.swift in Sources */ = {isa = PBXBuildFile; fileRef = 8A8AEC162A08976B001FAAB6 /* HighRollerResultView.swift */; };
/* End PBXBuildFile section */

/* Begin PBXFileReference section */
		8A8AEBFB2A088552001FAAB6 /* HighRoller.app */ = {isa = PBXFileReference; explicitFileType = wrapper.application; includeInIndex = 0; path = HighRoller.app; sourceTree = BUILT_PRODUCTS_DIR; };
		8A8AEBFE2A088552001FAAB6 /* HighRollerApp.swift */ = {isa = PBXFileReference; lastKnownFileType = sourcecode.swift; path = HighRollerApp.swift; sourceTree = "<group>"; };
		8A8AEC002A088552001FAAB6 /* ContentView.swift */ = {isa = PBXFileReference; lastKnownFileType = sourcecode.swift; path = ContentView.swift; sourceTree = "<group>"; };
		8A8AEC022A088553001FAAB6 /* Assets.xcassets */ = {isa = PBXFileReference; lastKnownFileType = folder.assetcatalog; path = Assets.xcassets; sourceTree = "<group>"; };
		8A8AEC052A088553001FAAB6 /* Preview Assets.xcassets */ = {isa = PBXFileReference; lastKnownFileType = folder.assetcatalog; path = "Preview Assets.xcassets"; sourceTree = "<group>"; };
		8A8AEC0C2A088985001FAAB6 /* ResultHistoryView.swift */ = {isa = PBXFileReference; lastKnownFileType = sourcecode.swift; path = ResultHistoryView.swift; sourceTree = "<group>"; };
		8A8AEC0E2A088AF6001FAAB6 /* HighRollerResult.swift */ = {isa = PBXFileReference; lastKnownFileType = sourcecode.swift; path = HighRollerResult.swift; sourceTree = "<group>"; };
		8A8AEC102A088D7C001FAAB6 /* DiceResult.swift */ = {isa = PBXFileReference; lastKnownFileType = sourcecode.swift; path = DiceResult.swift; sourceTree = "<group>"; };
		8A8AEC122A08912A001FAAB6 /* FileManager+DocumentsDirectory.swift */ = {isa = PBXFileReference; lastKnownFileType = sourcecode.swift; path = "FileManager+DocumentsDirectory.swift"; sourceTree = "<group>"; };
		8A8AEC142A089194001FAAB6 /* ContentView+ViewModel.swift */ = {isa = PBXFileReference; lastKnownFileType = sourcecode.swift; path = "ContentView+ViewModel.swift"; sourceTree = "<group>"; };
		8A8AEC162A08976B001FAAB6 /* HighRollerResultView.swift */ = {isa = PBXFileReference; lastKnownFileType = sourcecode.swift; path = HighRollerResultView.swift; sourceTree = "<group>"; };
/* End PBXFileReference section */

/* Begin PBXFrameworksBuildPhase section */
		8A8AEBF82A088552001FAAB6 /* Frameworks */ = {
			isa = PBXFrameworksBuildPhase;
			buildActionMask = 2147483647;
			files = (
			);
			runOnlyForDeploymentPostprocessing = 0;
		};
/* End PBXFrameworksBuildPhase section */

/* Begin PBXGroup section */
		8A8AEBF22A088552001FAAB6 = {
			isa = PBXGroup;
			children = (
				8A8AEBFD2A088552001FAAB6 /* HighRoller */,
				8A8AEBFC2A088552001FAAB6 /* Products */,
			);
			sourceTree = "<group>";
		};
		8A8AEBFC2A088552001FAAB6 /* Products */ = {
			isa = PBXGroup;
			children = (
				8A8AEBFB2A088552001FAAB6 /* HighRoller.app */,
			);
			name = Products;
			sourceTree = "<group>";
		};
		8A8AEBFD2A088552001FAAB6 /* HighRoller */ = {
			isa = PBXGroup;
			children = (
				8A8AEC122A08912A001FAAB6 /* FileManager+DocumentsDirectory.swift */,
				8A8AEBFE2A088552001FAAB6 /* HighRollerApp.swift */,
				8A8AEC002A088552001FAAB6 /* ContentView.swift */,
				8A8AEC142A089194001FAAB6 /* ContentView+ViewModel.swift */,
				8A8AEC162A08976B001FAAB6 /* HighRollerResultView.swift */,
				8A8AEC0E2A088AF6001FAAB6 /* HighRollerResult.swift */,
				8A8AEC102A088D7C001FAAB6 /* DiceResult.swift */,
				8A8AEC0C2A088985001FAAB6 /* ResultHistoryView.swift */,
				8A8AEC022A088553001FAAB6 /* Assets.xcassets */,
				8A8AEC042A088553001FAAB6 /* Preview Content */,
			);
			path = HighRoller;
			sourceTree = "<group>";
		};
		8A8AEC042A088553001FAAB6 /* Preview Content */ = {
			isa = PBXGroup;
			children = (
				8A8AEC052A088553001FAAB6 /* Preview Assets.xcassets */,
			);
			path = "Preview Content";
			sourceTree = "<group>";
		};
/* End PBXGroup section */

/* Begin PBXNativeTarget section */
		8A8AEBFA2A088552001FAAB6 /* HighRoller */ = {
			isa = PBXNativeTarget;
			buildConfigurationList = 8A8AEC092A088553001FAAB6 /* Build configuration list for PBXNativeTarget "HighRoller" */;
			buildPhases = (
				8A8AEBF72A088552001FAAB6 /* Sources */,
				8A8AEBF82A088552001FAAB6 /* Frameworks */,
				8A8AEBF92A088552001FAAB6 /* Resources */,
			);
			buildRules = (
			);
			dependencies = (
			);
			name = HighRoller;
			productName = HighRoller;
			productReference = 8A8AEBFB2A088552001FAAB6 /* HighRoller.app */;
			productType = "com.apple.product-type.application";
		};
/* End PBXNativeTarget section */

/* Begin PBXProject section */
		8A8AEBF32A088552001FAAB6 /* Project object */ = {
			isa = PBXProject;
			attributes = {
				BuildIndependentTargetsInParallel = 1;
				LastSwiftUpdateCheck = 1430;
				LastUpgradeCheck = 1430;
				TargetAttributes = {
					8A8AEBFA2A088552001FAAB6 = {
						CreatedOnToolsVersion = 14.3;
					};
				};
			};
			buildConfigurationList = 8A8AEBF62A088552001FAAB6 /* Build configuration list for PBXProject "HighRoller" */;
			compatibilityVersion = "Xcode 14.0";
			developmentRegion = en;
			hasScannedForEncodings = 0;
			knownRegions = (
				en,
				Base,
			);
			mainGroup = 8A8AEBF22A088552001FAAB6;
			productRefGroup = 8A8AEBFC2A088552001FAAB6 /* Products */;
			projectDirPath = "";
			projectRoot = "";
			targets = (
				8A8AEBFA2A088552001FAAB6 /* HighRoller */,
			);
		};
/* End PBXProject section */

/* Begin PBXResourcesBuildPhase section */
		8A8AEBF92A088552001FAAB6 /* Resources */ = {
			isa = PBXResourcesBuildPhase;
			buildActionMask = 2147483647;
			files = (
				8A8AEC062A088553001FAAB6 /* Preview Assets.xcassets in Resources */,
				8A8AEC032A088553001FAAB6 /* Assets.xcassets in Resources */,
			);
			runOnlyForDeploymentPostprocessing = 0;
		};
/* End PBXResourcesBuildPhase section */

/* Begin PBXSourcesBuildPhase section */
		8A8AEBF72A088552001FAAB6 /* Sources */ = {
			isa = PBXSourcesBuildPhase;
			buildActionMask = 2147483647;
			files = (
				8A8AEC0F2A088AF6001FAAB6 /* HighRollerResult.swift in Sources */,
				8A8AEC012A088552001FAAB6 /* ContentView.swift in Sources */,
				8A8AEBFF2A088552001FAAB6 /* HighRollerApp.swift in Sources */,
				8A8AEC0D2A088985001FAAB6 /* ResultHistoryView.swift in Sources */,
				8A8AEC132A08912A001FAAB6 /* FileManager+DocumentsDirectory.swift in Sources */,
				8A8AEC112A088D7C001FAAB6 /* DiceResult.swift in Sources */,
				8A8AEC152A089194001FAAB6 /* ContentView+ViewModel.swift in Sources */,
				8A8AEC172A08976B001FAAB6 /* HighRollerResultView.swift in Sources */,
			);
			runOnlyForDeploymentPostprocessing = 0;
		};
/* End PBXSourcesBuildPhase section */

/* Begin XCBuildConfiguration section */
		8A8AEC072A088553001FAAB6 /* Debug */ = {
			isa = XCBuildConfiguration;
			buildSettings = {
				ALWAYS_SEARCH_USER_PATHS = NO;
				CLANG_ANALYZER_NONNULL = YES;
				CLANG_ANALYZER_NUMBER_OBJECT_CONVERSION = YES_AGGRESSIVE;
				CLANG_CXX_LANGUAGE_STANDARD = "gnu++20";
				CLANG_ENABLE_MODULES = YES;
				CLANG_ENABLE_OBJC_ARC = YES;
				CLANG_ENABLE_OBJC_WEAK = YES;
				CLANG_WARN_BLOCK_CAPTURE_AUTORELEASING = YES;
				CLANG_WARN_BOOL_CONVERSION = YES;
				CLANG_WARN_COMMA = YES;
				CLANG_WARN_CONSTANT_CONVERSION = YES;
				CLANG_WARN_DEPRECATED_OBJC_IMPLEMENTATIONS = YES;
				CLANG_WARN_DIRECT_OBJC_ISA_USAGE = YES_ERROR;
				CLANG_WARN_DOCUMENTATION_COMMENTS = YES;
				CLANG_WARN_EMPTY_BODY = YES;
				CLANG_WARN_ENUM_CONVERSION = YES;
				CLANG_WARN_INFINITE_RECURSION = YES;
				CLANG_WARN_INT_CONVERSION = YES;
				CLANG_WARN_NON_LITERAL_NULL_CONVERSION = YES;
				CLANG_WARN_OBJC_IMPLICIT_RETAIN_SELF = YES;
				CLANG_WARN_OBJC_LITERAL_CONVERSION = YES;
				CLANG_WARN_OBJC_ROOT_CLASS = YES_ERROR;
				CLANG_WARN_QUOTED_INCLUDE_IN_FRAMEWORK_HEADER = YES;
				CLANG_WARN_RANGE_LOOP_ANALYSIS = YES;
				CLANG_WARN_STRICT_PROTOTYPES = YES;
				CLANG_WARN_SUSPICIOUS_MOVE = YES;
				CLANG_WARN_UNGUARDED_AVAILABILITY = YES_AGGRESSIVE;
				CLANG_WARN_UNREACHABLE_CODE = YES;
				CLANG_WARN__DUPLICATE_METHOD_MATCH = YES;
				COPY_PHASE_STRIP = NO;
				DEBUG_INFORMATION_FORMAT = dwarf;
				ENABLE_STRICT_OBJC_MSGSEND = YES;
				ENABLE_TESTABILITY = YES;
				GCC_C_LANGUAGE_STANDARD = gnu11;
				GCC_DYNAMIC_NO_PIC = NO;
				GCC_NO_COMMON_BLOCKS = YES;
				GCC_OPTIMIZATION_LEVEL = 0;
				GCC_PREPROCESSOR_DEFINITIONS = (
					"DEBUG=1",
					"$(inherited)",
				);
				GCC_WARN_64_TO_32_BIT_CONVERSION = YES;
				GCC_WARN_ABOUT_RETURN_TYPE = YES_ERROR;
				GCC_WARN_UNDECLARED_SELECTOR = YES;
				GCC_WARN_UNINITIALIZED_AUTOS = YES_AGGRESSIVE;
				GCC_WARN_UNUSED_FUNCTION = YES;
				GCC_WARN_UNUSED_VARIABLE = YES;
				IPHONEOS_DEPLOYMENT_TARGET = 16.4;
				MTL_ENABLE_DEBUG_INFO = INCLUDE_SOURCE;
				MTL_FAST_MATH = YES;
				ONLY_ACTIVE_ARCH = YES;
				SDKROOT = iphoneos;
				SWIFT_ACTIVE_COMPILATION_CONDITIONS = DEBUG;
				SWIFT_OPTIMIZATION_LEVEL = "-Onone";
			};
			name = Debug;
		};
		8A8AEC082A088553001FAAB6 /* Release */ = {
			isa = XCBuildConfiguration;
			buildSettings = {
				ALWAYS_SEARCH_USER_PATHS = NO;
				CLANG_ANALYZER_NONNULL = YES;
				CLANG_ANALYZER_NUMBER_OBJECT_CONVERSION = YES_AGGRESSIVE;
				CLANG_CXX_LANGUAGE_STANDARD = "gnu++20";
				CLANG_ENABLE_MODULES = YES;
				CLANG_ENABLE_OBJC_ARC = YES;
				CLANG_ENABLE_OBJC_WEAK = YES;
				CLANG_WARN_BLOCK_CAPTURE_AUTORELEASING = YES;
				CLANG_WARN_BOOL_CONVERSION = YES;
				CLANG_WARN_COMMA = YES;
				CLANG_WARN_CONSTANT_CONVERSION = YES;
				CLANG_WARN_DEPRECATED_OBJC_IMPLEMENTATIONS = YES;
				CLANG_WARN_DIRECT_OBJC_ISA_USAGE = YES_ERROR;
				CLANG_WARN_DOCUMENTATION_COMMENTS = YES;
				CLANG_WARN_EMPTY_BODY = YES;
				CLANG_WARN_ENUM_CONVERSION = YES;
				CLANG_WARN_INFINITE_RECURSION = YES;
				CLANG_WARN_INT_CONVERSION = YES;
				CLANG_WARN_NON_LITERAL_NULL_CONVERSION = YES;
				CLANG_WARN_OBJC_IMPLICIT_RETAIN_SELF = YES;
				CLANG_WARN_OBJC_LITERAL_CONVERSION = YES;
				CLANG_WARN_OBJC_ROOT_CLASS = YES_ERROR;
				CLANG_WARN_QUOTED_INCLUDE_IN_FRAMEWORK_HEADER = YES;
				CLANG_WARN_RANGE_LOOP_ANALYSIS = YES;
				CLANG_WARN_STRICT_PROTOTYPES = YES;
				CLANG_WARN_SUSPICIOUS_MOVE = YES;
				CLANG_WARN_UNGUARDED_AVAILABILITY = YES_AGGRESSIVE;
				CLANG_WARN_UNREACHABLE_CODE = YES;
				CLANG_WARN__DUPLICATE_METHOD_MATCH = YES;
				COPY_PHASE_STRIP = NO;
				DEBUG_INFORMATION_FORMAT = "dwarf-with-dsym";
				ENABLE_NS_ASSERTIONS = NO;
				ENABLE_STRICT_OBJC_MSGSEND = YES;
				GCC_C_LANGUAGE_STANDARD = gnu11;
				GCC_NO_COMMON_BLOCKS = YES;
				GCC_WARN_64_TO_32_BIT_CONVERSION = YES;
				GCC_WARN_ABOUT_RETURN_TYPE = YES_ERROR;
				GCC_WARN_UNDECLARED_SELECTOR = YES;
				GCC_WARN_UNINITIALIZED_AUTOS = YES_AGGRESSIVE;
				GCC_WARN_UNUSED_FUNCTION = YES;
				GCC_WARN_UNUSED_VARIABLE = YES;
				IPHONEOS_DEPLOYMENT_TARGET = 16.4;
				MTL_ENABLE_DEBUG_INFO = NO;
				MTL_FAST_MATH = YES;
				SDKROOT = iphoneos;
				SWIFT_COMPILATION_MODE = wholemodule;
				SWIFT_OPTIMIZATION_LEVEL = "-O";
				VALIDATE_PRODUCT = YES;
			};
			name = Release;
		};
		8A8AEC0A2A088553001FAAB6 /* Debug */ = {
			isa = XCBuildConfiguration;
			buildSettings = {
				ASSETCATALOG_COMPILER_APPICON_NAME = AppIcon;
				ASSETCATALOG_COMPILER_GLOBAL_ACCENT_COLOR_NAME = AccentColor;
				CODE_SIGN_STYLE = Automatic;
				CURRENT_PROJECT_VERSION = 1;
				DEVELOPMENT_ASSET_PATHS = "\"HighRoller/Preview Content\"";
				DEVELOPMENT_TEAM = ZJZ78A5LE4;
				ENABLE_PREVIEWS = YES;
				GENERATE_INFOPLIST_FILE = YES;
				INFOPLIST_KEY_UIApplicationSceneManifest_Generation = YES;
				INFOPLIST_KEY_UIApplicationSupportsIndirectInputEvents = YES;
				INFOPLIST_KEY_UILaunchScreen_Generation = YES;
				INFOPLIST_KEY_UISupportedInterfaceOrientations_iPad = "UIInterfaceOrientationPortrait UIInterfaceOrientationPortraitUpsideDown UIInterfaceOrientationLandscapeLeft UIInterfaceOrientationLandscapeRight";
				INFOPLIST_KEY_UISupportedInterfaceOrientations_iPhone = "UIInterfaceOrientationPortrait UIInterfaceOrientationLandscapeLeft UIInterfaceOrientationLandscapeRight";
				LD_RUNPATH_SEARCH_PATHS = (
					"$(inherited)",
					"@executable_path/Frameworks",
				);
				MARKETING_VERSION = 1.0;
				PRODUCT_BUNDLE_IDENTIFIER = com.mberndt.HighRoller;
				PRODUCT_NAME = "$(TARGET_NAME)";
				SWIFT_EMIT_LOC_STRINGS = YES;
				SWIFT_VERSION = 5.0;
				TARGETED_DEVICE_FAMILY = "1,2";
			};
			name = Debug;
		};
		8A8AEC0B2A088553001FAAB6 /* Release */ = {
			isa = XCBuildConfiguration;
			buildSettings = {
				ASSETCATALOG_COMPILER_APPICON_NAME = AppIcon;
				ASSETCATALOG_COMPILER_GLOBAL_ACCENT_COLOR_NAME = AccentColor;
				CODE_SIGN_STYLE = Automatic;
				CURRENT_PROJECT_VERSION = 1;
				DEVELOPMENT_ASSET_PATHS = "\"HighRoller/Preview Content\"";
				DEVELOPMENT_TEAM = ZJZ78A5LE4;
				ENABLE_PREVIEWS = YES;
				GENERATE_INFOPLIST_FILE = YES;
				INFOPLIST_KEY_UIApplicationSceneManifest_Generation = YES;
				INFOPLIST_KEY_UIApplicationSupportsIndirectInputEvents = YES;
				INFOPLIST_KEY_UILaunchScreen_Generation = YES;
				INFOPLIST_KEY_UISupportedInterfaceOrientations_iPad = "UIInterfaceOrientationPortrait UIInterfaceOrientationPortraitUpsideDown UIInterfaceOrientationLandscapeLeft UIInterfaceOrientationLandscapeRight";
				INFOPLIST_KEY_UISupportedInterfaceOrientations_iPhone = "UIInterfaceOrientationPortrait UIInterfaceOrientationLandscapeLeft UIInterfaceOrientationLandscapeRight";
				LD_RUNPATH_SEARCH_PATHS = (
					"$(inherited)",
					"@executable_path/Frameworks",
				);
				MARKETING_VERSION = 1.0;
				PRODUCT_BUNDLE_IDENTIFIER = com.mberndt.HighRoller;
				PRODUCT_NAME = "$(TARGET_NAME)";
				SWIFT_EMIT_LOC_STRINGS = YES;
				SWIFT_VERSION = 5.0;
				TARGETED_DEVICE_FAMILY = "1,2";
			};
			name = Release;
		};
/* End XCBuildConfiguration section */

/* Begin XCConfigurationList section */
		8A8AEBF62A088552001FAAB6 /* Build configuration list for PBXProject "HighRoller" */ = {
			isa = XCConfigurationList;
			buildConfigurations = (
				8A8AEC072A088553001FAAB6 /* Debug */,
				8A8AEC082A088553001FAAB6 /* Release */,
			);
			defaultConfigurationIsVisible = 0;
			defaultConfigurationName = Release;
		};
		8A8AEC092A088553001FAAB6 /* Build configuration list for PBXNativeTarget "HighRoller" */ = {
			isa = XCConfigurationList;
			buildConfigurations = (
				8A8AEC0A2A088553001FAAB6 /* Debug */,
				8A8AEC0B2A088553001FAAB6 /* Release */,
			);
			defaultConfigurationIsVisible = 0;
			defaultConfigurationName = Release;
		};
/* End XCConfigurationList section */
	};
	rootObject = 8A8AEBF32A088552001FAAB6 /* Project object */;
}
